
Microsoft Visual Studio Solution File, Format Version 12.00
# Visual Studio 14
VisualStudioVersion = 14.0.25420.1
MinimumVisualStudioVersion = 10.0.40219.1
Project("{FAE04EC0-301F-11D3-BF4B-00C04F79EFBC}") = "Service", "Service\Service.csproj", "{3A9ADF0F-17FE-47B3-A27D-99F46D12098D}"
EndProject
Project("{FAE04EC0-301F-11D3-BF4B-00C04F79EFBC}") = "Service.Tests", "Service.Tests\Service.Tests.csproj", "{B35D6CC4-9509-4644-84BE-5F43CFBF61EE}"
EndProject
Project("{FAE04EC0-301F-11D3-BF4B-00C04F79EFBC}") = "Client", "Client\Client.csproj", "{25719F72-320C-46F9-B69B-906AAE913808}"
	ProjectSection(ProjectDependencies) = postProject
		{3A9ADF0F-17FE-47B3-A27D-99F46D12098D} = {3A9ADF0F-17FE-47B3-A27D-99F46D12098D}
	EndProjectSection
EndProject
Project("{FAE04EC0-301F-11D3-BF4B-00C04F79EFBC}") = "Client.Tests", "Client.Tests\Client.Tests.csproj", "{5679DD0E-51C6-4637-83B7-AD8BD18C852A}"
EndProject
Project("{FAE04EC0-301F-11D3-BF4B-00C04F79EFBC}") = "Common", "Common\Common.csproj", "{9890FE73-743A-4FEF-80CD-D1A8C57EB115}"
EndProject
Project("{F088123C-0E9E-452A-89E6-6BA2F21D5CAC}") = "Modeling", "Modeling\Modeling.modelproj", "{15A58491-00D1-4179-96BF-178CDD1394B8}"
EndProject
Project("{2150E333-8FDC-42A3-9474-1A3956D46DE8}") = "Tests", "Tests", "{8BF58CDF-9761-4ADC-9926-76F45BE0C92D}"
EndProject
Global
	GlobalSection(SolutionConfigurationPlatforms) = preSolution
		Debug|Any CPU = Debug|Any CPU
		Release|Any CPU = Release|Any CPU
	EndGlobalSection
	GlobalSection(ProjectConfigurationPlatforms) = postSolution
		{3A9ADF0F-17FE-47B3-A27D-99F46D12098D}.Debug|Any CPU.ActiveCfg = Debug|Any CPU
		{3A9ADF0F-17FE-47B3-A27D-99F46D12098D}.Debug|Any CPU.Build.0 = Debug|Any CPU
		{3A9ADF0F-17FE-47B3-A27D-99F46D12098D}.Release|Any CPU.ActiveCfg = Release|Any CPU
		{3A9ADF0F-17FE-47B3-A27D-99F46D12098D}.Release|Any CPU.Build.0 = Release|Any CPU
		{B35D6CC4-9509-4644-84BE-5F43CFBF61EE}.Debug|Any CPU.ActiveCfg = Debug|Any CPU
		{B35D6CC4-9509-4644-84BE-5F43CFBF61EE}.Debug|Any CPU.Build.0 = Debug|Any CPU
		{B35D6CC4-9509-4644-84BE-5F43CFBF61EE}.Release|Any CPU.ActiveCfg = Release|Any CPU
		{B35D6CC4-9509-4644-84BE-5F43CFBF61EE}.Release|Any CPU.Build.0 = Release|Any CPU
		{25719F72-320C-46F9-B69B-906AAE913808}.Debug|Any CPU.ActiveCfg = Debug|Any CPU
		{25719F72-320C-46F9-B69B-906AAE913808}.Debug|Any CPU.Build.0 = Debug|Any CPU
		{25719F72-320C-46F9-B69B-906AAE913808}.Release|Any CPU.ActiveCfg = Release|Any CPU
		{25719F72-320C-46F9-B69B-906AAE913808}.Release|Any CPU.Build.0 = Release|Any CPU
		{5679DD0E-51C6-4637-83B7-AD8BD18C852A}.Debug|Any CPU.ActiveCfg = Debug|Any CPU
		{5679DD0E-51C6-4637-83B7-AD8BD18C852A}.Debug|Any CPU.Build.0 = Debug|Any CPU
		{5679DD0E-51C6-4637-83B7-AD8BD18C852A}.Release|Any CPU.ActiveCfg = Release|Any CPU
		{5679DD0E-51C6-4637-83B7-AD8BD18C852A}.Release|Any CPU.Build.0 = Release|Any CPU
		{9890FE73-743A-4FEF-80CD-D1A8C57EB115}.Debug|Any CPU.ActiveCfg = Debug|Any CPU
		{9890FE73-743A-4FEF-80CD-D1A8C57EB115}.Debug|Any CPU.Build.0 = Debug|Any CPU
		{9890FE73-743A-4FEF-80CD-D1A8C57EB115}.Release|Any CPU.ActiveCfg = Release|Any CPU
		{9890FE73-743A-4FEF-80CD-D1A8C57EB115}.Release|Any CPU.Build.0 = Release|Any CPU
		{15A58491-00D1-4179-96BF-178CDD1394B8}.Debug|Any CPU.ActiveCfg = Debug|Any CPU
		{15A58491-00D1-4179-96BF-178CDD1394B8}.Debug|Any CPU.Build.0 = Debug|Any CPU
		{15A58491-00D1-4179-96BF-178CDD1394B8}.Release|Any CPU.ActiveCfg = Release|Any CPU
		{15A58491-00D1-4179-96BF-178CDD1394B8}.Release|Any CPU.Build.0 = Release|Any CPU
	EndGlobalSection
	GlobalSection(SolutionProperties) = preSolution
		HideSolutionNode = FALSE
	EndGlobalSection
	GlobalSection(NestedProjects) = preSolution
		{B35D6CC4-9509-4644-84BE-5F43CFBF61EE} = {8BF58CDF-9761-4ADC-9926-76F45BE0C92D}
		{5679DD0E-51C6-4637-83B7-AD8BD18C852A} = {8BF58CDF-9761-4ADC-9926-76F45BE0C92D}
		{15A58491-00D1-4179-96BF-178CDD1394B8} = {8BF58CDF-9761-4ADC-9926-76F45BE0C92D}
	EndGlobalSection
EndGlobal
