
Microsoft Visual Studio Solution File, Format Version 12.00
# Visual Studio 14
VisualStudioVersion = 14.0.25420.1
MinimumVisualStudioVersion = 10.0.40219.1
Project("{FAE04EC0-301F-11D3-BF4B-00C04F79EFBC}") = "Service", "Service\Service.csproj", "{3A9ADF0F-17FE-47B3-A27D-99F46D12098D}"
EndProject
Project("{FAE04EC0-301F-11D3-BF4B-00C04F79EFBC}") = "Service.Tests", "Service.Tests\Service.Tests.csproj", "{B35D6CC4-9509-4644-84BE-5F43CFBF61EE}"
EndProject
Global
	GlobalSection(SolutionConfigurationPlatforms) = preSolution
		Debug|Any CPU = Debug|Any CPU
		Release|Any CPU = Release|Any CPU
	EndGlobalSection
	GlobalSection(ProjectConfigurationPlatforms) = postSolution
		{3A9ADF0F-17FE-47B3-A27D-99F46D12098D}.Debug|Any CPU.ActiveCfg = Debug|Any CPU
		{3A9ADF0F-17FE-47B3-A27D-99F46D12098D}.Debug|Any CPU.Build.0 = Debug|Any CPU
		{3A9ADF0F-17FE-47B3-A27D-99F46D12098D}.Release|Any CPU.ActiveCfg = Release|Any CPU
		{3A9ADF0F-17FE-47B3-A27D-99F46D12098D}.Release|Any CPU.Build.0 = Release|Any CPU
		{B35D6CC4-9509-4644-84BE-5F43CFBF61EE}.Debug|Any CPU.ActiveCfg = Debug|Any CPU
		{B35D6CC4-9509-4644-84BE-5F43CFBF61EE}.Debug|Any CPU.Build.0 = Debug|Any CPU
		{B35D6CC4-9509-4644-84BE-5F43CFBF61EE}.Release|Any CPU.ActiveCfg = Release|Any CPU
		{B35D6CC4-9509-4644-84BE-5F43CFBF61EE}.Release|Any CPU.Build.0 = Release|Any CPU
	EndGlobalSection
	GlobalSection(SolutionProperties) = preSolution
		HideSolutionNode = FALSE
	EndGlobalSection
EndGlobal
